
Microsoft Visual Studio Solution File, Format Version 12.00
# Visual Studio 15
VisualStudioVersion = 15.0.26124.0
MinimumVisualStudioVersion = 15.0.26124.0
Project("{FAE04EC0-301F-11D3-BF4B-00C04F79EFBC}") = "Tete.Web", "Tete.Web\Tete.Web.csproj", "{F26E066C-532F-4915-A3EE-0D98E5C02BC0}"
EndProject
Project("{FAE04EC0-301F-11D3-BF4B-00C04F79EFBC}") = "Tete.Tests", "Tete.Tests\Tete.Tests.csproj", "{9E5EE3D3-5480-4EA1-B54B-A026471B7435}"
EndProject
Global
	GlobalSection(SolutionConfigurationPlatforms) = preSolution
		Debug|Any CPU = Debug|Any CPU
		Debug|x64 = Debug|x64
		Debug|x86 = Debug|x86
		Release|Any CPU = Release|Any CPU
		Release|x64 = Release|x64
		Release|x86 = Release|x86
	EndGlobalSection
	GlobalSection(SolutionProperties) = preSolution
		HideSolutionNode = FALSE
	EndGlobalSection
	GlobalSection(ProjectConfigurationPlatforms) = postSolution
		{926AF0AE-AAB2-47FA-9E92-8CE2C8C1DDD0}.Debug|Any CPU.ActiveCfg = Debug|Any CPU
		{926AF0AE-AAB2-47FA-9E92-8CE2C8C1DDD0}.Debug|Any CPU.Build.0 = Debug|Any CPU
		{926AF0AE-AAB2-47FA-9E92-8CE2C8C1DDD0}.Debug|x64.ActiveCfg = Debug|Any CPU
		{926AF0AE-AAB2-47FA-9E92-8CE2C8C1DDD0}.Debug|x64.Build.0 = Debug|Any CPU
		{926AF0AE-AAB2-47FA-9E92-8CE2C8C1DDD0}.Debug|x86.ActiveCfg = Debug|Any CPU
		{926AF0AE-AAB2-47FA-9E92-8CE2C8C1DDD0}.Debug|x86.Build.0 = Debug|Any CPU
		{926AF0AE-AAB2-47FA-9E92-8CE2C8C1DDD0}.Release|Any CPU.ActiveCfg = Release|Any CPU
		{926AF0AE-AAB2-47FA-9E92-8CE2C8C1DDD0}.Release|Any CPU.Build.0 = Release|Any CPU
		{926AF0AE-AAB2-47FA-9E92-8CE2C8C1DDD0}.Release|x64.ActiveCfg = Release|Any CPU
		{926AF0AE-AAB2-47FA-9E92-8CE2C8C1DDD0}.Release|x64.Build.0 = Release|Any CPU
		{926AF0AE-AAB2-47FA-9E92-8CE2C8C1DDD0}.Release|x86.ActiveCfg = Release|Any CPU
		{926AF0AE-AAB2-47FA-9E92-8CE2C8C1DDD0}.Release|x86.Build.0 = Release|Any CPU
		{5094D1BC-F458-428C-9367-CC97B4D5B363}.Debug|Any CPU.ActiveCfg = Debug|Any CPU
		{5094D1BC-F458-428C-9367-CC97B4D5B363}.Debug|Any CPU.Build.0 = Debug|Any CPU
		{5094D1BC-F458-428C-9367-CC97B4D5B363}.Debug|x64.ActiveCfg = Debug|Any CPU
		{5094D1BC-F458-428C-9367-CC97B4D5B363}.Debug|x64.Build.0 = Debug|Any CPU
		{5094D1BC-F458-428C-9367-CC97B4D5B363}.Debug|x86.ActiveCfg = Debug|Any CPU
		{5094D1BC-F458-428C-9367-CC97B4D5B363}.Debug|x86.Build.0 = Debug|Any CPU
		{5094D1BC-F458-428C-9367-CC97B4D5B363}.Release|Any CPU.ActiveCfg = Release|Any CPU
		{5094D1BC-F458-428C-9367-CC97B4D5B363}.Release|Any CPU.Build.0 = Release|Any CPU
		{5094D1BC-F458-428C-9367-CC97B4D5B363}.Release|x64.ActiveCfg = Release|Any CPU
		{5094D1BC-F458-428C-9367-CC97B4D5B363}.Release|x64.Build.0 = Release|Any CPU
		{5094D1BC-F458-428C-9367-CC97B4D5B363}.Release|x86.ActiveCfg = Release|Any CPU
		{5094D1BC-F458-428C-9367-CC97B4D5B363}.Release|x86.Build.0 = Release|Any CPU
		{287EC3FB-7A8F-48FE-A762-23AF907653F8}.Debug|Any CPU.ActiveCfg = Debug|Any CPU
		{287EC3FB-7A8F-48FE-A762-23AF907653F8}.Debug|Any CPU.Build.0 = Debug|Any CPU
		{287EC3FB-7A8F-48FE-A762-23AF907653F8}.Debug|x64.ActiveCfg = Debug|Any CPU
		{287EC3FB-7A8F-48FE-A762-23AF907653F8}.Debug|x64.Build.0 = Debug|Any CPU
		{287EC3FB-7A8F-48FE-A762-23AF907653F8}.Debug|x86.ActiveCfg = Debug|Any CPU
		{287EC3FB-7A8F-48FE-A762-23AF907653F8}.Debug|x86.Build.0 = Debug|Any CPU
		{287EC3FB-7A8F-48FE-A762-23AF907653F8}.Release|Any CPU.ActiveCfg = Release|Any CPU
		{287EC3FB-7A8F-48FE-A762-23AF907653F8}.Release|Any CPU.Build.0 = Release|Any CPU
		{287EC3FB-7A8F-48FE-A762-23AF907653F8}.Release|x64.ActiveCfg = Release|Any CPU
		{287EC3FB-7A8F-48FE-A762-23AF907653F8}.Release|x64.Build.0 = Release|Any CPU
		{287EC3FB-7A8F-48FE-A762-23AF907653F8}.Release|x86.ActiveCfg = Release|Any CPU
		{287EC3FB-7A8F-48FE-A762-23AF907653F8}.Release|x86.Build.0 = Release|Any CPU
		{63FFDDD2-C6C2-4B81-99CF-7F3386096F8B}.Debug|Any CPU.ActiveCfg = Debug|Any CPU
		{63FFDDD2-C6C2-4B81-99CF-7F3386096F8B}.Debug|Any CPU.Build.0 = Debug|Any CPU
		{63FFDDD2-C6C2-4B81-99CF-7F3386096F8B}.Debug|x64.ActiveCfg = Debug|Any CPU
		{63FFDDD2-C6C2-4B81-99CF-7F3386096F8B}.Debug|x64.Build.0 = Debug|Any CPU
		{63FFDDD2-C6C2-4B81-99CF-7F3386096F8B}.Debug|x86.ActiveCfg = Debug|Any CPU
		{63FFDDD2-C6C2-4B81-99CF-7F3386096F8B}.Debug|x86.Build.0 = Debug|Any CPU
		{63FFDDD2-C6C2-4B81-99CF-7F3386096F8B}.Release|Any CPU.ActiveCfg = Release|Any CPU
		{63FFDDD2-C6C2-4B81-99CF-7F3386096F8B}.Release|Any CPU.Build.0 = Release|Any CPU
		{63FFDDD2-C6C2-4B81-99CF-7F3386096F8B}.Release|x64.ActiveCfg = Release|Any CPU
		{63FFDDD2-C6C2-4B81-99CF-7F3386096F8B}.Release|x64.Build.0 = Release|Any CPU
		{63FFDDD2-C6C2-4B81-99CF-7F3386096F8B}.Release|x86.ActiveCfg = Release|Any CPU
		{63FFDDD2-C6C2-4B81-99CF-7F3386096F8B}.Release|x86.Build.0 = Release|Any CPU
		{151618E8-5805-4A73-A682-AF025259293E}.Debug|Any CPU.ActiveCfg = Debug|Any CPU
		{151618E8-5805-4A73-A682-AF025259293E}.Debug|Any CPU.Build.0 = Debug|Any CPU
		{151618E8-5805-4A73-A682-AF025259293E}.Debug|x64.ActiveCfg = Debug|Any CPU
		{151618E8-5805-4A73-A682-AF025259293E}.Debug|x64.Build.0 = Debug|Any CPU
		{151618E8-5805-4A73-A682-AF025259293E}.Debug|x86.ActiveCfg = Debug|Any CPU
		{151618E8-5805-4A73-A682-AF025259293E}.Debug|x86.Build.0 = Debug|Any CPU
		{151618E8-5805-4A73-A682-AF025259293E}.Release|Any CPU.ActiveCfg = Release|Any CPU
		{151618E8-5805-4A73-A682-AF025259293E}.Release|Any CPU.Build.0 = Release|Any CPU
		{151618E8-5805-4A73-A682-AF025259293E}.Release|x64.ActiveCfg = Release|Any CPU
		{151618E8-5805-4A73-A682-AF025259293E}.Release|x64.Build.0 = Release|Any CPU
		{151618E8-5805-4A73-A682-AF025259293E}.Release|x86.ActiveCfg = Release|Any CPU
		{151618E8-5805-4A73-A682-AF025259293E}.Release|x86.Build.0 = Release|Any CPU
		{E939B801-83E3-49C5-AEC3-E17593731827}.Debug|Any CPU.ActiveCfg = Debug|Any CPU
		{E939B801-83E3-49C5-AEC3-E17593731827}.Debug|Any CPU.Build.0 = Debug|Any CPU
		{E939B801-83E3-49C5-AEC3-E17593731827}.Debug|x64.ActiveCfg = Debug|Any CPU
		{E939B801-83E3-49C5-AEC3-E17593731827}.Debug|x64.Build.0 = Debug|Any CPU
		{E939B801-83E3-49C5-AEC3-E17593731827}.Debug|x86.ActiveCfg = Debug|Any CPU
		{E939B801-83E3-49C5-AEC3-E17593731827}.Debug|x86.Build.0 = Debug|Any CPU
		{E939B801-83E3-49C5-AEC3-E17593731827}.Release|Any CPU.ActiveCfg = Release|Any CPU
		{E939B801-83E3-49C5-AEC3-E17593731827}.Release|Any CPU.Build.0 = Release|Any CPU
		{E939B801-83E3-49C5-AEC3-E17593731827}.Release|x64.ActiveCfg = Release|Any CPU
		{E939B801-83E3-49C5-AEC3-E17593731827}.Release|x64.Build.0 = Release|Any CPU
		{E939B801-83E3-49C5-AEC3-E17593731827}.Release|x86.ActiveCfg = Release|Any CPU
		{E939B801-83E3-49C5-AEC3-E17593731827}.Release|x86.Build.0 = Release|Any CPU
		{E9A81378-408D-4D04-AE3C-C187022FF286}.Debug|Any CPU.ActiveCfg = Debug|Any CPU
		{E9A81378-408D-4D04-AE3C-C187022FF286}.Debug|Any CPU.Build.0 = Debug|Any CPU
		{E9A81378-408D-4D04-AE3C-C187022FF286}.Debug|x64.ActiveCfg = Debug|Any CPU
		{E9A81378-408D-4D04-AE3C-C187022FF286}.Debug|x64.Build.0 = Debug|Any CPU
		{E9A81378-408D-4D04-AE3C-C187022FF286}.Debug|x86.ActiveCfg = Debug|Any CPU
		{E9A81378-408D-4D04-AE3C-C187022FF286}.Debug|x86.Build.0 = Debug|Any CPU
		{E9A81378-408D-4D04-AE3C-C187022FF286}.Release|Any CPU.ActiveCfg = Release|Any CPU
		{E9A81378-408D-4D04-AE3C-C187022FF286}.Release|Any CPU.Build.0 = Release|Any CPU
		{E9A81378-408D-4D04-AE3C-C187022FF286}.Release|x64.ActiveCfg = Release|Any CPU
		{E9A81378-408D-4D04-AE3C-C187022FF286}.Release|x64.Build.0 = Release|Any CPU
		{E9A81378-408D-4D04-AE3C-C187022FF286}.Release|x86.ActiveCfg = Release|Any CPU
		{E9A81378-408D-4D04-AE3C-C187022FF286}.Release|x86.Build.0 = Release|Any CPU
		{F26E066C-532F-4915-A3EE-0D98E5C02BC0}.Debug|Any CPU.ActiveCfg = Debug|Any CPU
		{F26E066C-532F-4915-A3EE-0D98E5C02BC0}.Debug|Any CPU.Build.0 = Debug|Any CPU
		{F26E066C-532F-4915-A3EE-0D98E5C02BC0}.Debug|x64.ActiveCfg = Debug|Any CPU
		{F26E066C-532F-4915-A3EE-0D98E5C02BC0}.Debug|x64.Build.0 = Debug|Any CPU
		{F26E066C-532F-4915-A3EE-0D98E5C02BC0}.Debug|x86.ActiveCfg = Debug|Any CPU
		{F26E066C-532F-4915-A3EE-0D98E5C02BC0}.Debug|x86.Build.0 = Debug|Any CPU
		{F26E066C-532F-4915-A3EE-0D98E5C02BC0}.Release|Any CPU.ActiveCfg = Release|Any CPU
		{F26E066C-532F-4915-A3EE-0D98E5C02BC0}.Release|Any CPU.Build.0 = Release|Any CPU
		{F26E066C-532F-4915-A3EE-0D98E5C02BC0}.Release|x64.ActiveCfg = Release|Any CPU
		{F26E066C-532F-4915-A3EE-0D98E5C02BC0}.Release|x64.Build.0 = Release|Any CPU
		{F26E066C-532F-4915-A3EE-0D98E5C02BC0}.Release|x86.ActiveCfg = Release|Any CPU
		{F26E066C-532F-4915-A3EE-0D98E5C02BC0}.Release|x86.Build.0 = Release|Any CPU
		{9E5EE3D3-5480-4EA1-B54B-A026471B7435}.Debug|Any CPU.ActiveCfg = Debug|Any CPU
		{9E5EE3D3-5480-4EA1-B54B-A026471B7435}.Debug|Any CPU.Build.0 = Debug|Any CPU
		{9E5EE3D3-5480-4EA1-B54B-A026471B7435}.Debug|x64.ActiveCfg = Debug|Any CPU
		{9E5EE3D3-5480-4EA1-B54B-A026471B7435}.Debug|x64.Build.0 = Debug|Any CPU
		{9E5EE3D3-5480-4EA1-B54B-A026471B7435}.Debug|x86.ActiveCfg = Debug|Any CPU
		{9E5EE3D3-5480-4EA1-B54B-A026471B7435}.Debug|x86.Build.0 = Debug|Any CPU
		{9E5EE3D3-5480-4EA1-B54B-A026471B7435}.Release|Any CPU.ActiveCfg = Release|Any CPU
		{9E5EE3D3-5480-4EA1-B54B-A026471B7435}.Release|Any CPU.Build.0 = Release|Any CPU
		{9E5EE3D3-5480-4EA1-B54B-A026471B7435}.Release|x64.ActiveCfg = Release|Any CPU
		{9E5EE3D3-5480-4EA1-B54B-A026471B7435}.Release|x64.Build.0 = Release|Any CPU
		{9E5EE3D3-5480-4EA1-B54B-A026471B7435}.Release|x86.ActiveCfg = Release|Any CPU
		{9E5EE3D3-5480-4EA1-B54B-A026471B7435}.Release|x86.Build.0 = Release|Any CPU
		{A8B941BE-DF71-495A-AC94-16CB6CF3BB23}.Debug|Any CPU.ActiveCfg = Debug|Any CPU
		{A8B941BE-DF71-495A-AC94-16CB6CF3BB23}.Debug|Any CPU.Build.0 = Debug|Any CPU
		{A8B941BE-DF71-495A-AC94-16CB6CF3BB23}.Debug|x64.ActiveCfg = Debug|Any CPU
		{A8B941BE-DF71-495A-AC94-16CB6CF3BB23}.Debug|x64.Build.0 = Debug|Any CPU
		{A8B941BE-DF71-495A-AC94-16CB6CF3BB23}.Debug|x86.ActiveCfg = Debug|Any CPU
		{A8B941BE-DF71-495A-AC94-16CB6CF3BB23}.Debug|x86.Build.0 = Debug|Any CPU
		{A8B941BE-DF71-495A-AC94-16CB6CF3BB23}.Release|Any CPU.ActiveCfg = Release|Any CPU
		{A8B941BE-DF71-495A-AC94-16CB6CF3BB23}.Release|Any CPU.Build.0 = Release|Any CPU
		{A8B941BE-DF71-495A-AC94-16CB6CF3BB23}.Release|x64.ActiveCfg = Release|Any CPU
		{A8B941BE-DF71-495A-AC94-16CB6CF3BB23}.Release|x64.Build.0 = Release|Any CPU
		{A8B941BE-DF71-495A-AC94-16CB6CF3BB23}.Release|x86.ActiveCfg = Release|Any CPU
		{A8B941BE-DF71-495A-AC94-16CB6CF3BB23}.Release|x86.Build.0 = Release|Any CPU
		{D4528A45-F2DD-4715-886E-22FDF99A34CC}.Debug|Any CPU.ActiveCfg = Debug|Any CPU
		{D4528A45-F2DD-4715-886E-22FDF99A34CC}.Debug|Any CPU.Build.0 = Debug|Any CPU
		{D4528A45-F2DD-4715-886E-22FDF99A34CC}.Debug|x64.ActiveCfg = Debug|Any CPU
		{D4528A45-F2DD-4715-886E-22FDF99A34CC}.Debug|x64.Build.0 = Debug|Any CPU
		{D4528A45-F2DD-4715-886E-22FDF99A34CC}.Debug|x86.ActiveCfg = Debug|Any CPU
		{D4528A45-F2DD-4715-886E-22FDF99A34CC}.Debug|x86.Build.0 = Debug|Any CPU
		{D4528A45-F2DD-4715-886E-22FDF99A34CC}.Release|Any CPU.ActiveCfg = Release|Any CPU
		{D4528A45-F2DD-4715-886E-22FDF99A34CC}.Release|Any CPU.Build.0 = Release|Any CPU
		{D4528A45-F2DD-4715-886E-22FDF99A34CC}.Release|x64.ActiveCfg = Release|Any CPU
		{D4528A45-F2DD-4715-886E-22FDF99A34CC}.Release|x64.Build.0 = Release|Any CPU
		{D4528A45-F2DD-4715-886E-22FDF99A34CC}.Release|x86.ActiveCfg = Release|Any CPU
		{D4528A45-F2DD-4715-886E-22FDF99A34CC}.Release|x86.Build.0 = Release|Any CPU
	EndGlobalSection
EndGlobal
